{
  "version": 4,
  "terraform_version": "0.12.29",
  "serial": 23,
  "lineage": "02f0d08b-3aa2-dcff-6add-fdbfde8d74e8",
  "outputs": {},
  "resources": [
    {
      "module": "module.efs",
      "mode": "managed",
      "type": "aws_efs_access_point",
      "name": "efs_accesspoint",
      "provider": "provider.aws",
      "instances": [
        {
          "schema_version": 0,
          "attributes": {
            "arn": "arn:aws:elasticfilesystem:eu-west-1:067806847764:access-point/fsap-003bfa31ea06f6f8f",
            "file_system_arn": "arn:aws:elasticfilesystem:eu-west-1:067806847764:file-system/fs-4a6cc87e",
            "file_system_id": "fs-4a6cc87e",
            "id": "fsap-003bfa31ea06f6f8f",
            "owner_id": "067806847764",
            "posix_user": [
              {
                "gid": 0,
                "secondary_gids": [],
                "uid": 0
              }
            ],
            "root_directory": [
              {
                "creation_info": [],
                "path": "/"
              }
            ],
            "tags": {
              "ApplicationAcronym": "FRM",
              "ApplicationName": "Franking Machine",
              "ApplicationOwner": "stefaan.ryckaert@bpost.be",
              "ApplicationSupport": "LST_ICT_DCS_AM@bpost.be",
              "Automation": "Yes",
              "Backup": "False-EFS",
              "BusinessUnit": "CC-NP",
              "CloudServiceProvider": "AWS",
              "DRLevel": "1",
              "DataProfile": "Confidential",
              "Environment": "AC01",
              "ManagedBy": "TCS",
              "Name": "fsap-cc-np-euwe01-frm-01",
              "Tier": "Storage",
              "UseCase": "3"
            }
          },
          "private": "bnVsbA==",
          "dependencies": [
            "module.frm_efs.aws_efs_file_system.my_efs",
            "module.kms_key.aws_kms_key.kms_key"
          ]
        }
      ]
    },
    {
      "module": "module.frm_efs",
      "mode": "managed",
      "type": "aws_efs_file_system",
      "name": "my_efs",
      "provider": "provider.aws",
      "instances": [
        {
          "schema_version": 0,
          "attributes": {
            "arn": "arn:aws:elasticfilesystem:eu-west-1:067806847764:file-system/fs-4a6cc87e",
            "availability_zone_id": "",
            "availability_zone_name": "",
            "creation_token": "efs-cc-np-euwe01-frm-01",
            "dns_name": "fs-4a6cc87e.efs.eu-west-1.amazonaws.com",
            "encrypted": true,
            "id": "fs-4a6cc87e",
            "kms_key_id": "arn:aws:kms:eu-west-1:067806847764:key/f7052076-c6fd-4dad-b46b-7e9376fe6015",
            "lifecycle_policy": [],
            "number_of_mount_targets": 3,
            "owner_id": "067806847764",
            "performance_mode": "generalPurpose",
            "provisioned_throughput_in_mibps": 0,
            "size_in_bytes": [
              {
                "value": 6144,
                "value_in_ia": 0,
                "value_in_standard": 6144
              }
            ],
            "tags": {
              "ApplicationAcronym": "FRM",
              "ApplicationName": "Franking Machine",
              "ApplicationOwner": "stefaan.ryckaert@bpost.be",
              "ApplicationSupport": "LST_ICT_DCS_AM@bpost.be",
              "Automation": "Yes",
              "Backup": "False-EFS",
              "BusinessUnit": "CC-NP",
              "CloudServiceProvider": "AWS",
              "DRLevel": "1",
              "DataProfile": "Confidential",
              "Environment": "AC01",
              "ManagedBy": "TCS",
              "Name": "efs-cc-np-euwe01-frm-01",
              "Tier": "Storage",
              "UseCase": "3"
            },
            "throughput_mode": "bursting"
          },
          "private": "bnVsbA==",
          "dependencies": [
            "module.kms_key.aws_kms_key.kms_key"
          ]
        }
      ]
    },
    {
      "module": "module.frm_efs",
      "mode": "managed",
      "type": "aws_efs_mount_target",
      "name": "efs_network",
      "each": "list",
      "provider": "provider.aws",
      "instances": [
        {
          "index_key": 0,
          "schema_version": 0,
          "attributes": {
            "availability_zone_id": "euw1-az2",
            "availability_zone_name": "eu-west-1b",
            "dns_name": "fs-4a6cc87e.efs.eu-west-1.amazonaws.com",
            "file_system_arn": "arn:aws:elasticfilesystem:eu-west-1:067806847764:file-system/fs-4a6cc87e",
            "file_system_id": "fs-4a6cc87e",
            "id": "fsmt-cb15c6fe",
            "ip_address": "10.78.201.82",
            "mount_target_dns_name": "eu-west-1b.fs-4a6cc87e.efs.eu-west-1.amazonaws.com",
            "network_interface_id": "eni-0d94d28b8f14c74cb",
            "owner_id": "067806847764",
            "security_groups": [
              "sg-0f61112d7b4b27e38"
            ],
            "subnet_id": "subnet-079ce1e47540e1e95"
          },
          "private": "bnVsbA==",
          "dependencies": [
            "module.frm_efs.aws_efs_file_system.my_efs",
            "module.frm_efs.aws_security_group.efs_sg",
            "module.kms_key.aws_kms_key.kms_key"
          ]
        },
        {
          "index_key": 1,
          "schema_version": 0,
          "attributes": {
            "availability_zone_id": "euw1-az3",
            "availability_zone_name": "eu-west-1c",
            "dns_name": "fs-4a6cc87e.efs.eu-west-1.amazonaws.com",
            "file_system_arn": "arn:aws:elasticfilesystem:eu-west-1:067806847764:file-system/fs-4a6cc87e",
            "file_system_id": "fs-4a6cc87e",
            "id": "fsmt-c815c6fd",
            "ip_address": "10.78.202.155",
            "mount_target_dns_name": "eu-west-1c.fs-4a6cc87e.efs.eu-west-1.amazonaws.com",
            "network_interface_id": "eni-01833226355c08f67",
            "owner_id": "067806847764",
            "security_groups": [
              "sg-0f61112d7b4b27e38"
            ],
            "subnet_id": "subnet-0dcfdea3c9a38e742"
          },
          "private": "bnVsbA==",
          "dependencies": [
            "module.frm_efs.aws_efs_file_system.my_efs",
            "module.frm_efs.aws_security_group.efs_sg",
            "module.kms_key.aws_kms_key.kms_key"
          ]
        },
        {
          "index_key": 2,
          "schema_version": 0,
          "attributes": {
            "availability_zone_id": "euw1-az1",
            "availability_zone_name": "eu-west-1a",
            "dns_name": "fs-4a6cc87e.efs.eu-west-1.amazonaws.com",
            "file_system_arn": "arn:aws:elasticfilesystem:eu-west-1:067806847764:file-system/fs-4a6cc87e",
            "file_system_id": "fs-4a6cc87e",
            "id": "fsmt-3514c700",
            "ip_address": "10.78.198.25",
            "mount_target_dns_name": "eu-west-1a.fs-4a6cc87e.efs.eu-west-1.amazonaws.com",
            "network_interface_id": "eni-0d7b8b2a9a8580061",
            "owner_id": "067806847764",
            "security_groups": [
              "sg-0f61112d7b4b27e38"
            ],
            "subnet_id": "subnet-0cb78a752cbc3aef3"
          },
          "private": "bnVsbA==",
          "dependencies": [
            "module.frm_efs.aws_efs_file_system.my_efs",
            "module.frm_efs.aws_security_group.efs_sg",
            "module.kms_key.aws_kms_key.kms_key"
          ]
        }
      ]
    },
    {
      "module": "module.kms_key",
      "mode": "managed",
      "type": "aws_kms_alias",
      "name": "key_alias",
      "provider": "provider.aws",
      "instances": [
        {
          "schema_version": 0,
          "attributes": {
            "arn": "arn:aws:kms:eu-west-1:067806847764:alias/kms-cc-ac01-euwe01-frm-01",
            "id": "alias/kms-cc-ac01-euwe01-frm-01",
            "name": "alias/kms-cc-ac01-euwe01-frm-01",
            "name_prefix": null,
            "target_key_arn": "arn:aws:kms:eu-west-1:067806847764:key/f7052076-c6fd-4dad-b46b-7e9376fe6015",
            "target_key_id": "f7052076-c6fd-4dad-b46b-7e9376fe6015"
          },
          "private": "bnVsbA==",
          "dependencies": [
            "module.kms_key.aws_kms_key.kms_key"
          ]
        }
      ]
    },
    {
      "module": "module.kms_key",
      "mode": "managed",
      "type": "aws_kms_key",
      "name": "kms_key",
      "provider": "provider.aws",
      "instances": [
        {
          "schema_version": 0,
          "attributes": {
            "arn": "arn:aws:kms:eu-west-1:067806847764:key/f7052076-c6fd-4dad-b46b-7e9376fe6015",
            "customer_master_key_spec": "SYMMETRIC_DEFAULT",
            "deletion_window_in_days": null,
            "description": "FRM Encryption Key",
            "enable_key_rotation": true,
            "id": "f7052076-c6fd-4dad-b46b-7e9376fe6015",
            "is_enabled": true,
            "key_id": "f7052076-c6fd-4dad-b46b-7e9376fe6015",
            "key_usage": "ENCRYPT_DECRYPT",
            "policy": "{\"Id\":\"key-consolepolicy-3\",\"Statement\":[{\"Action\":\"kms:*\",\"Effect\":\"Allow\",\"Principal\":{\"AWS\":\"arn:aws:iam::067806847764:root\"},\"Resource\":\"*\",\"Sid\":\"Enable IAM User Permissions\"},{\"Action\":[\"kms:Create*\",\"kms:Describe*\",\"kms:Enable*\",\"kms:List*\",\"kms:Put*\",\"kms:Update*\",\"kms:Revoke*\",\"kms:Disable*\",\"kms:Get*\",\"kms:Delete*\",\"kms:TagResource\",\"kms:UntagResource\",\"kms:ScheduleKeyDeletion\",\"kms:CancelKeyDeletion\"],\"Effect\":\"Allow\",\"Principal\":{\"AWS\":[\"arn:aws:iam::067806847764:role/iar-Administrators\",\"arn:aws:iam::067806847764:role/iar-MigrationTeam\"]},\"Resource\":\"*\",\"Sid\":\"Allow access for Key Administrators\"},{\"Action\":[\"kms:Encrypt\",\"kms:Decrypt\",\"kms:ReEncrypt*\",\"kms:GenerateDataKey*\",\"kms:DescribeKey\"],\"Effect\":\"Allow\",\"Principal\":{\"AWS\":[\"arn:aws:iam::067806847764:role/iar-Administrators\",\"arn:aws:iam::067806847764:role/iar-MigrationTeam\"]},\"Resource\":\"*\",\"Sid\":\"Allow use of the key\"},{\"Action\":[\"kms:CreateGrant\",\"kms:ListGrants\",\"kms:RevokeGrant\"],\"Condition\":{\"Bool\":{\"kms:GrantIsForAWSResource\":\"true\"}},\"Effect\":\"Allow\",\"Principal\":{\"AWS\":[\"arn:aws:iam::067806847764:role/iar-Administrators\",\"arn:aws:iam::067806847764:role/iar-MigrationTeam\"]},\"Resource\":\"*\",\"Sid\":\"Allow attachment of persistent resources\"}],\"Version\":\"2012-10-17\"}",
            "tags": {
              "ApplicationAcronym": "FRM",
              "ApplicationName": "Franking Machine",
              "ApplicationOwner": "stefaan.ryckaert@bpost.be",
              "ApplicationSupport": "LST_ICT_DCS_AM@bpost.be",
              "Automation": "Yes",
              "BusinessUnit": "CC-NP",
              "CloudServiceProvider": "AWS",
              "DRLevel": "1",
              "DataProfile": "Confidential",
              "Environment": "AC01",
              "ManagedBy": "TCS",
              "UseCase": "3"
            }
          },
          "private": "bnVsbA=="
        }
      ]
    },
    {
      "module": "module.resource_group",
      "mode": "managed",
      "type": "aws_resourcegroups_group",
      "name": "resource_group",
      "provider": "provider.aws",
      "instances": [
        {
          "schema_version": 0,
          "attributes": {
            "arn": "arn:aws:resource-groups:eu-west-1:067806847764:group/rgp-cc-pr-euwe01-frm-01",
            "description": "FRM Resource Group",
            "id": "rgp-cc-pr-euwe01-frm-01",
            "name": "rgp-cc-pr-euwe01-frm-01",
            "resource_query": [
              {
                "query": "{\n  \"ResourceTypeFilters\": [\n    \"AWS::AllSupported\"\n  ],\n  \"TagFilters\": [\n    {\n      \"Key\": \"ApplicationAcronym\",\n      \"Values\": [\"FRM\"]\n    }\n  ]\n}\n",
                "type": "TAG_FILTERS_1_0"
              }
            ],
            "tags": {
              "ApplicationAcronym": "FRM",
              "ApplicationName": "Franking Machine",
              "ApplicationOwner": "stefaan.ryckaert@bpost.be",
              "ApplicationSupport": "LST_ICT_DCS_AM@bpost.be",
              "Automation": "Yes",
              "BusinessUnit": "CC-NP",
              "CloudServiceProvider": "AWS",
              "DRLevel": "1",
              "DataProfile": "Confidential",
              "Environment": "AC01",
              "ManagedBy": "TCS",
              "Name": "rgp-cc-pr-euwe01-frm-01",
              "UseCase": "3"
            }
          },
          "private": "bnVsbA=="
        }
      ]
    },
    {
      "module": "module.frm_s3_log",
      "mode": "managed",
      "type": "aws_s3_bucket",
      "name": "log_bucket",
      "provider": "provider.aws",
      "instances": [
        {
          "schema_version": 0,
          "attributes": {
            "acceleration_status": "",
            "acl": "private",
            "arn": "arn:aws:s3:::s3b-cc-np-euwe01-log-frm-01",
            "bucket": "s3b-cc-np-euwe01-log-frm-01",
            "bucket_domain_name": "s3b-cc-np-euwe01-log-frm-01.s3.amazonaws.com",
            "bucket_prefix": null,
            "bucket_regional_domain_name": "s3b-cc-np-euwe01-log-frm-01.s3.eu-west-1.amazonaws.com",
            "cors_rule": [],
            "force_destroy": false,
            "grant": [],
            "hosted_zone_id": "Z1BKCTXD74EZPE",
            "id": "s3b-cc-np-euwe01-log-frm-01",
            "lifecycle_rule": [
              {
                "abort_incomplete_multipart_upload_days": 0,
                "enabled": true,
                "expiration": [
                  {
                    "date": "",
                    "days": 30,
                    "expired_object_delete_marker": false
                  }
                ],
                "id": "log",
                "noncurrent_version_expiration": [],
                "noncurrent_version_transition": [],
                "prefix": "log/",
                "tags": {
                  "autoclean": "true",
                  "rule": "log"
                },
                "transition": []
              }
            ],
            "logging": [],
            "object_lock_configuration": [],
            "policy": null,
            "region": "eu-west-1",
            "replication_configuration": [],
            "request_payer": "BucketOwner",
            "server_side_encryption_configuration": [
              {
                "rule": [
                  {
                    "apply_server_side_encryption_by_default": [
                      {
                        "kms_master_key_id": "",
                        "sse_algorithm": "AES256"
                      }
                    ],
                    "bucket_key_enabled": false
                  }
                ]
              }
            ],
            "tags": {
              "ApplicationAcronym": "FRM",
              "ApplicationName": "Franking Machine",
              "ApplicationOwner": "stefaan.ryckaert@bpost.be",
              "ApplicationSupport": "LST_ICT_DCS_AM@bpost.be",
              "Automation": "Yes",
              "BusinessUnit": "CC-NP",
              "CloudServiceProvider": "AWS",
              "DRLevel": "1",
              "DataProfile": "Confidential",
              "Environment": "AC01",
              "ManagedBy": "TCS",
              "Name": "s3b-cc-np-euwe01-log-frm-01",
              "Tier": "Storage",
              "UseCase": "3"
            },
            "versioning": [
              {
                "enabled": false,
                "mfa_delete": false
              }
            ],
            "website": [],
            "website_domain": null,
            "website_endpoint": null
          },
          "private": "bnVsbA=="
        }
      ]
    },
    {
      "module": "module.frm_s3_bucket",
      "mode": "managed",
      "type": "aws_s3_bucket",
      "name": "my_bucket",
      "each": "list",
      "provider": "provider.aws",
      "instances": [
        {
          "index_key": 0,
          "schema_version": 0,
          "attributes": {
            "acceleration_status": "",
            "acl": "private",
            "arn": "arn:aws:s3:::s3b-cc-np-euwe01-data-frm-batchscripts-01",
            "bucket": "s3b-cc-np-euwe01-data-frm-batchscripts-01",
            "bucket_domain_name": "s3b-cc-np-euwe01-data-frm-batchscripts-01.s3.amazonaws.com",
            "bucket_prefix": null,
            "bucket_regional_domain_name": "s3b-cc-np-euwe01-data-frm-batchscripts-01.s3.eu-west-1.amazonaws.com",
            "cors_rule": [],
            "force_destroy": false,
            "grant": [],
            "hosted_zone_id": "Z1BKCTXD74EZPE",
            "id": "s3b-cc-np-euwe01-data-frm-batchscripts-01",
            "lifecycle_rule": [
              {
                "abort_incomplete_multipart_upload_days": 0,
                "enabled": true,
                "expiration": [
                  {
                    "date": "",
                    "days": 2,
                    "expired_object_delete_marker": false
                  }
                ],
                "id": "pidfiles",
                "noncurrent_version_expiration": [],
                "noncurrent_version_transition": [],
                "prefix": "pidfiles/",
                "tags": {},
                "transition": []
              }
            ],
            "logging": [],
            "object_lock_configuration": [],
            "policy": null,
            "region": "eu-west-1",
            "replication_configuration": [],
            "request_payer": "BucketOwner",
            "server_side_encryption_configuration": [
              {
                "rule": [
                  {
                    "apply_server_side_encryption_by_default": [
                      {
                        "kms_master_key_id": "arn:aws:kms:eu-west-1:067806847764:key/f7052076-c6fd-4dad-b46b-7e9376fe6015",
                        "sse_algorithm": "aws:kms"
                      }
                    ],
                    "bucket_key_enabled": false
                  }
                ]
              }
            ],
            "tags": {
              "ApplicationAcronym": "FRM",
              "ApplicationName": "Franking Machine",
              "ApplicationOwner": "stefaan.ryckaert@bpost.be",
              "ApplicationSupport": "LST_ICT_DCS_AM@bpost.be",
              "Automation": "Yes",
              "Backup": "Flase-S3",
              "BusinessUnit": "CC-NP",
              "CloudServiceProvider": "AWS",
              "DRLevel": "1",
              "DataProfile": "Confidential",
              "Environment": "AC01",
              "ManagedBy": "TCS",
              "Name": "s3b-cc-np-euwe01-data-frm-batchscripts-01",
              "Tier": "Storage",
              "UseCase": "3"
            },
            "versioning": [
              {
                "enabled": true,
                "mfa_delete": false
              }
            ],
            "website": [],
            "website_domain": null,
            "website_endpoint": null
          },
          "private": "bnVsbA==",
          "dependencies": [
            "module.kms_key.aws_kms_key.kms_key"
          ]
        }
      ]
    },
    {
      "module": "module.frm_s3_state_bucket",
      "mode": "managed",
      "type": "aws_s3_bucket",
      "name": "my_bucket",
      "each": "list",
      "provider": "provider.aws",
      "instances": [
        {
          "index_key": 0,
          "schema_version": 0,
          "attributes": {
            "acceleration_status": "",
            "acl": "private",
            "arn": "arn:aws:s3:::s3b-cc-np-euwe01-bkp-frm-tfstatefile-01",
            "bucket": "s3b-cc-np-euwe01-bkp-frm-tfstatefile-01",
            "bucket_domain_name": "s3b-cc-np-euwe01-bkp-frm-tfstatefile-01.s3.amazonaws.com",
            "bucket_prefix": null,
            "bucket_regional_domain_name": "s3b-cc-np-euwe01-bkp-frm-tfstatefile-01.s3.eu-west-1.amazonaws.com",
            "cors_rule": [],
            "force_destroy": false,
            "grant": [],
            "hosted_zone_id": "Z1BKCTXD74EZPE",
            "id": "s3b-cc-np-euwe01-bkp-frm-tfstatefile-01",
            "lifecycle_rule": [],
            "logging": [],
            "object_lock_configuration": [],
            "policy": null,
            "region": "eu-west-1",
            "replication_configuration": [],
            "request_payer": "BucketOwner",
            "server_side_encryption_configuration": [
              {
                "rule": [
                  {
                    "apply_server_side_encryption_by_default": [
                      {
                        "kms_master_key_id": "arn:aws:kms:eu-west-1:067806847764:key/f7052076-c6fd-4dad-b46b-7e9376fe6015",
                        "sse_algorithm": "aws:kms"
                      }
                    ],
                    "bucket_key_enabled": false
                  }
                ]
              }
            ],
            "tags": {
              "ApplicationAcronym": "FRM",
              "ApplicationName": "Franking Machine",
              "ApplicationOwner": "stefaan.ryckaert@bpost.be",
              "ApplicationSupport": "LST_ICT_DCS_AM@bpost.be",
              "Automation": "Yes",
              "Backup": "False-S3",
              "BusinessUnit": "CC-NP",
              "CloudServiceProvider": "AWS",
              "DRLevel": "1",
              "DataProfile": "Confidential",
              "Environment": "AC01",
              "ManagedBy": "TCS",
              "Name": "s3b-cc-np-euwe01-bkp-frm-tfstatefile-01",
              "Tier": "Storage",
              "UseCase": "3"
            },
            "versioning": [
              {
                "enabled": false,
                "mfa_delete": false
              }
            ],
            "website": [],
            "website_domain": null,
            "website_endpoint": null
          },
          "private": "bnVsbA==",
          "dependencies": [
            "module.kms_key.aws_kms_key.kms_key"
          ]
        }
      ]
    },
    {
      "module": "module.frm_s3_log",
      "mode": "managed",
      "type": "aws_s3_bucket_policy",
      "name": "Bucket_policy",
      "provider": "provider.aws",
      "instances": [
        {
          "schema_version": 0,
          "attributes": {
            "bucket": "s3b-cc-np-euwe01-log-frm-01",
            "id": "s3b-cc-np-euwe01-log-frm-01",
            "policy": "{\"Version\":\"2012-10-17\",\"Id\":\"AWSConsole-AccessLogs-Policy-1595503125009\",\"Statement\":[{\"Sid\":\"AWSConsoleStmt-1595503125009\",\"Effect\":\"Allow\",\"Principal\":{\"AWS\":\"arn:aws:iam::156460612806:root\"},\"Action\":\"s3:PutObject\",\"Resource\":\"arn:aws:s3:::s3b-cc-np-euwe01-log-frm-01/*\"},{\"Sid\":\"AWSLogDeliveryWrite\",\"Effect\":\"Allow\",\"Principal\":{\"Service\":\"delivery.logs.amazonaws.com\"},\"Action\":\"s3:PutObject\",\"Resource\":\"arn:aws:s3:::s3b-cc-np-euwe01-log-frm-01/*\",\"Condition\":{\"StringEquals\":{\"s3:x-amz-acl\":\"bucket-owner-full-control\"}}},{\"Sid\":\"AWSLogDeliveryAclCheck\",\"Effect\":\"Allow\",\"Principal\":{\"Service\":[\"logs.eu-west-1.amazonaws.com\",\"delivery.logs.amazonaws.com\"]},\"Action\":\"s3:GetBucketAcl\",\"Resource\":\"arn:aws:s3:::s3b-cc-np-euwe01-log-frm-01\"},{\"Effect\":\"Allow\",\"Principal\":{\"Service\":\"logs.eu-west-1.amazonaws.com\"},\"Action\":\"s3:PutObject\",\"Resource\":\"arn:aws:s3:::s3b-cc-np-euwe01-log-frm-01/*\"}]}"
          },
          "private": "bnVsbA==",
          "dependencies": [
            "module.frm_s3_log.aws_s3_bucket.log_bucket"
          ]
        }
      ]
    },
    {
      "module": "module.frm_s3_log",
      "mode": "managed",
      "type": "aws_s3_bucket_public_access_block",
      "name": "Public_access",
      "provider": "provider.aws",
      "instances": [
        {
          "schema_version": 0,
          "attributes": {
            "block_public_acls": true,
            "block_public_policy": true,
            "bucket": "s3b-cc-np-euwe01-log-frm-01",
            "id": "s3b-cc-np-euwe01-log-frm-01",
            "ignore_public_acls": true,
            "restrict_public_buckets": true
          },
          "private": "bnVsbA==",
          "dependencies": [
            "module.frm_s3_log.aws_s3_bucket.log_bucket",
            "module.frm_s3_log.aws_s3_bucket_policy.Bucket_policy"
          ]
        }
      ]
    },
    {
      "module": "module.frm_s3_bucket",
      "mode": "managed",
      "type": "aws_s3_bucket_public_access_block",
      "name": "Public_access",
      "each": "list",
      "provider": "provider.aws",
      "instances": [
        {
          "index_key": 0,
          "schema_version": 0,
          "attributes": {
            "block_public_acls": true,
            "block_public_policy": true,
            "bucket": "s3b-cc-np-euwe01-data-frm-batchscripts-01",
            "id": "s3b-cc-np-euwe01-data-frm-batchscripts-01",
            "ignore_public_acls": true,
            "restrict_public_buckets": true
          },
          "private": "bnVsbA==",
          "dependencies": [
            "module.frm_s3_bucket.aws_s3_bucket.my_bucket",
            "module.kms_key.aws_kms_key.kms_key"
          ]
        }
      ]
    },
    {
      "module": "module.frm_s3_state_bucket",
      "mode": "managed",
      "type": "aws_s3_bucket_public_access_block",
      "name": "Public_access",
      "each": "list",
      "provider": "provider.aws",
      "instances": [
        {
          "index_key": 0,
          "schema_version": 0,
          "attributes": {
            "block_public_acls": true,
            "block_public_policy": true,
            "bucket": "s3b-cc-np-euwe01-bkp-frm-tfstatefile-01",
            "id": "s3b-cc-np-euwe01-bkp-frm-tfstatefile-01",
            "ignore_public_acls": true,
            "restrict_public_buckets": true
          },
          "private": "bnVsbA==",
          "dependencies": [
            "module.frm_s3_state_bucket.aws_s3_bucket.my_bucket",
            "module.kms_key.aws_kms_key.kms_key"
          ]
        }
      ]
    },
    {
      "module": "module.frm_efs",
      "mode": "managed",
      "type": "aws_security_group",
      "name": "efs_sg",
      "provider": "provider.aws",
      "instances": [
        {
          "schema_version": 1,
          "attributes": {
            "arn": "arn:aws:ec2:eu-west-1:067806847764:security-group/sg-0f61112d7b4b27e38",
            "description": "Managed by Terraform",
            "egress": [
              {
                "cidr_blocks": [
                  "0.0.0.0/0"
                ],
                "description": "",
                "from_port": 0,
                "ipv6_cidr_blocks": [],
                "prefix_list_ids": [],
                "protocol": "-1",
                "security_groups": [],
                "self": false,
                "to_port": 0
              }
            ],
            "id": "sg-0f61112d7b4b27e38",
            "ingress": [
              {
                "cidr_blocks": [
                  "10.0.0.0/8"
                ],
                "description": "",
                "from_port": 2049,
                "ipv6_cidr_blocks": [],
                "prefix_list_ids": [],
                "protocol": "tcp",
                "security_groups": [],
                "self": false,
                "to_port": 2049
              }
            ],
            "name": "fssg-cc-np-euwe01-frm-01",
            "name_prefix": "",
            "owner_id": "067806847764",
            "revoke_rules_on_delete": false,
            "tags": {
              "ApplicationAcronym": "FRM",
              "ApplicationName": "Franking Machine",
              "ApplicationOwner": "stefaan.ryckaert@bpost.be",
              "ApplicationSupport": "LST_ICT_DCS_AM@bpost.be",
              "Automation": "Yes",
              "Backup": "False-EFS",
              "BusinessUnit": "CC-NP",
              "CloudServiceProvider": "AWS",
              "DRLevel": "1",
              "DataProfile": "Confidential",
              "Environment": "AC01",
              "ManagedBy": "TCS",
              "Name": "fssg-cc-np-euwe01-frm-01",
              "Tier": "Storage",
              "UseCase": "3"
            },
            "timeouts": null,
            "vpc_id": "vpc-0f791e26d134b60ae"
          },
          "private": "eyJlMmJmYjczMC1lY2FhLTExZTYtOGY4OC0zNDM2M2JjN2M0YzAiOnsiY3JlYXRlIjo2MDAwMDAwMDAwMDAsImRlbGV0ZSI6OTAwMDAwMDAwMDAwfSwic2NoZW1hX3ZlcnNpb24iOiIxIn0="
        }
      ]
    }
  ]
}
